
Microsoft Visual Studio Solution File, Format Version 12.00
# Visual Studio Version 16
VisualStudioVersion = 16.0.32901.82
MinimumVisualStudioVersion = 10.0.40219.1
Project("{9A19103F-16F7-4668-BE54-9A1E7A4F7556}") = "IdentityServer4.Demo", "IdentityServer4.Demo\IdentityServer4.Demo.csproj", "{494813D7-7418-4931-9787-DAB3421F20C2}"
EndProject
Project("{FAE04EC0-301F-11D3-BF4B-00C04F79EFBC}") = "IdentityServer4.API", "IdentityServer4.API\IdentityServer4.API.csproj", "{2F55BF58-B9C2-41F6-A072-B15BD64AC729}"
EndProject
Global
	GlobalSection(SolutionConfigurationPlatforms) = preSolution
		Debug|Any CPU = Debug|Any CPU
		Release|Any CPU = Release|Any CPU
	EndGlobalSection
	GlobalSection(ProjectConfigurationPlatforms) = postSolution
		{494813D7-7418-4931-9787-DAB3421F20C2}.Debug|Any CPU.ActiveCfg = Debug|Any CPU
		{494813D7-7418-4931-9787-DAB3421F20C2}.Debug|Any CPU.Build.0 = Debug|Any CPU
		{494813D7-7418-4931-9787-DAB3421F20C2}.Release|Any CPU.ActiveCfg = Release|Any CPU
		{494813D7-7418-4931-9787-DAB3421F20C2}.Release|Any CPU.Build.0 = Release|Any CPU
		{2F55BF58-B9C2-41F6-A072-B15BD64AC729}.Debug|Any CPU.ActiveCfg = Debug|Any CPU
		{2F55BF58-B9C2-41F6-A072-B15BD64AC729}.Debug|Any CPU.Build.0 = Debug|Any CPU
		{2F55BF58-B9C2-41F6-A072-B15BD64AC729}.Release|Any CPU.ActiveCfg = Release|Any CPU
		{2F55BF58-B9C2-41F6-A072-B15BD64AC729}.Release|Any CPU.Build.0 = Release|Any CPU
	EndGlobalSection
	GlobalSection(SolutionProperties) = preSolution
		HideSolutionNode = FALSE
	EndGlobalSection
	GlobalSection(ExtensibilityGlobals) = postSolution
		SolutionGuid = {D35C1E65-9262-4287-9808-2E9F07ADB501}
	EndGlobalSection
EndGlobal
